lockfileVersion: '9.0'

settings:
  autoInstallPeers: true
  excludeLinksFromLockfile: false

importers:

  .:
    dependencies:
      gunshi:
        specifier: ^0.26.3
        version: 0.26.3
    devDependencies:
      '@types/node':
        specifier: ^20.0.0
        version: 20.19.26
      oxfmt:
        specifier: ^0.17.0
        version: 0.17.0
      typescript:
        specifier: ^5.0.0
        version: 5.9.3

packages:

  '@oxfmt/darwin-arm64@0.17.0':
    resolution: {integrity: sha512-OMv0tOb+xiwSZKjYbM6TwMSP5QwFJlBGQmEsk98QJ30sHhdyC//0UvGKuR0KZuzZW4E0+k0rHDmos1Z5DmBEkA==}
    cpu: [arm64]
    os: [darwin]

  '@oxfmt/darwin-x64@0.17.0':
    resolution: {integrity: sha512-trzidyzryKIdL/cLCYU9IwprgJegVBUrz1rqzOMe5is+qdgH/RxTCvhYUNFzxRHpil3g4QUYd2Ja831tc5Nehg==}
    cpu: [x64]
    os: [darwin]

  '@oxfmt/linux-arm64-gnu@0.17.0':
    resolution: {integrity: sha512-KlwzidgvHznbUaaglZT1goTS30osTV553pfbKve9B1PyTDkluNDfm/polOaf3SVLN7wL/NNLFZRMupvJ1eJXAw==}
    cpu: [arm64]
    os: [linux]

  '@oxfmt/linux-arm64-musl@0.17.0':
    resolution: {integrity: sha512-+tbYJTocF4BNLaQQbc/xrBWTNgiU6zmYeF4NvRDxuuQjDOnmUZPn0EED3PZBRJyg4/YllhplHDo8x+gfcb9G3A==}
    cpu: [arm64]
    os: [linux]

  '@oxfmt/linux-x64-gnu@0.17.0':
    resolution: {integrity: sha512-pEmv7zJIw2HpnA4Tn1xrfJNGi2wOH2+usT14Pkvf/c5DdB+pOir6k/5jzfe70+V3nEtmtV9Lm+spndN/y6+X7A==}
    cpu: [x64]
    os: [linux]

  '@oxfmt/linux-x64-musl@0.17.0':
    resolution: {integrity: sha512-+DrFSCZWyFdtEAWR5xIBTV8GX0RA9iB+y7ZlJPRAXrNG8TdBY9vc7/MIGolIgrkMPK4mGMn07YG/qEyPY+iKaw==}
    cpu: [x64]
    os: [linux]

  '@oxfmt/win32-arm64@0.17.0':
    resolution: {integrity: sha512-FoUZRR7mVpTYIaY/qz2BYwzqMnL+HsUxmMWAIy6nl29UEkDgxNygULJ4rIGY4/Axne41fhtldLrSGBOpwNm3jA==}
    cpu: [arm64]
    os: [win32]

  '@oxfmt/win32-x64@0.17.0':
    resolution: {integrity: sha512-fBIcUpHmCwf3leWlo0cYwLb9Pd2mzxQlZYJX9dD9nylPvsxOnsy9fmsaflpj34O0JbQJN3Y0SRkoaCcHHlxFww==}
    cpu: [x64]
    os: [win32]

  '@types/node@20.19.26':
    resolution: {integrity: sha512-0l6cjgF0XnihUpndDhk+nyD3exio3iKaYROSgvh/qSevPXax3L8p5DBRFjbvalnwatGgHEQn2R88y2fA3g4irg==}

  args-tokens@0.20.1:
    resolution: {integrity: sha512-pQ5R5TsJyx94zsgSCCQ9kzOgUfMmI4bkqNjgSSt2C92mzPCvovoUMMW6HqR+35mHZ0cb1++MD2uAOLm62sGC+Q==}
    engines: {node: '>= 20'}

  gunshi@0.26.3:
    resolution: {integrity: sha512-x/CaxovzDA3KMkrjqow7M1dnsO1CxGMNabBaeGTGdVNtjOMN1G/eK7vjKeJ+zHdFIsWHmo47YQ2DQIESUut2+A==}
    engines: {node: '>= 20'}

  oxfmt@0.17.0:
    resolution: {integrity: sha512-12Rmq2ub61rUZ3Pqnsvmo99rRQ6hQJwQsjnFnbvXYLMrlIsWT6SFVsrjAkBBrkXXSHv8ePIpKQ0nZph5KDrOqw==}
    engines: {node: ^20.19.0 || >=22.12.0}
    hasBin: true

  typescript@5.9.3:
    resolution: {integrity: sha512-jl1vZzPDinLr9eUt3J/t7V6FgNEw9QjvBPdysz9KfQDD41fQrC2Y4vKQdiaUpFT4bXlb1RHhLpp8wtm6M5TgSw==}
    engines: {node: '>=14.17'}
    hasBin: true

  undici-types@6.21.0:
    resolution: {integrity: sha512-iwDZqg0QAGrg9Rav5H4n0M64c3mkR59cJ6wQp+7C4nI0gsmExaedaYLNO44eT4AtBBwjbTiGPMlt2Md0T9H9JQ==}

snapshots:

  '@oxfmt/darwin-arm64@0.17.0':
    optional: true

  '@oxfmt/darwin-x64@0.17.0':
    optional: true

  '@oxfmt/linux-arm64-gnu@0.17.0':
    optional: true

  '@oxfmt/linux-arm64-musl@0.17.0':
    optional: true

  '@oxfmt/linux-x64-gnu@0.17.0':
    optional: true

  '@oxfmt/linux-x64-musl@0.17.0':
    optional: true

  '@oxfmt/win32-arm64@0.17.0':
    optional: true

  '@oxfmt/win32-x64@0.17.0':
    optional: true

  '@types/node@20.19.26':
    dependencies:
      undici-types: 6.21.0

  args-tokens@0.20.1: {}

  gunshi@0.26.3:
    dependencies:
      args-tokens: 0.20.1

  oxfmt@0.17.0:
    optionalDependencies:
      '@oxfmt/darwin-arm64': 0.17.0
      '@oxfmt/darwin-x64': 0.17.0
      '@oxfmt/linux-arm64-gnu': 0.17.0
      '@oxfmt/linux-arm64-musl': 0.17.0
      '@oxfmt/linux-x64-gnu': 0.17.0
      '@oxfmt/linux-x64-musl': 0.17.0
      '@oxfmt/win32-arm64': 0.17.0
      '@oxfmt/win32-x64': 0.17.0

  typescript@5.9.3: {}

  undici-types@6.21.0: {}
